
Microsoft Visual Studio Solution File, Format Version 12.00
# Visual Studio Version 16
VisualStudioVersion = 16.0.30717.126
MinimumVisualStudioVersion = 10.0.40219.1
Project("{FAE04EC0-301F-11D3-BF4B-00C04F79EFBC}") = "Notes", "Notes\Notes.csproj", "{0A91031B-4463-472F-B98A-A9E3285BFAA3}"
EndProject
Global
	GlobalSection(SolutionConfigurationPlatforms) = preSolution
		Debug|Any CPU = Debug|Any CPU
		Release|Any CPU = Release|Any CPU
	EndGlobalSection
	GlobalSection(ProjectConfigurationPlatforms) = postSolution
		{0A91031B-4463-472F-B98A-A9E3285BFAA3}.Debug|Any CPU.ActiveCfg = Debug|Any CPU
		{0A91031B-4463-472F-B98A-A9E3285BFAA3}.Debug|Any CPU.Build.0 = Debug|Any CPU
		{0A91031B-4463-472F-B98A-A9E3285BFAA3}.Release|Any CPU.ActiveCfg = Release|Any CPU
		{0A91031B-4463-472F-B98A-A9E3285BFAA3}.Release|Any CPU.Build.0 = Release|Any CPU
	EndGlobalSection
	GlobalSection(SolutionProperties) = preSolution
		HideSolutionNode = FALSE
	EndGlobalSection
	GlobalSection(ExtensibilityGlobals) = postSolution
		SolutionGuid = {6BE72096-1096-4444-BE14-87CD041ADAC1}
	EndGlobalSection
EndGlobal
